
Microsoft Visual Studio Solution File, Format Version 12.00
# Visual Studio Version 16
VisualStudioVersion = 16.0.29519.181
MinimumVisualStudioVersion = 10.0.40219.1
Project("{8BC9CEB8-8B4A-11D0-8D11-00A0C91BC942}") = "Chapter3", "Chapter3\Chapter3.vcxproj", "{8D2E10F4-22D4-486A-BF20-6CDABE568F31}"
EndProject
Project("{FAE04EC0-301F-11D3-BF4B-00C04F79EFBC}") = "3_3", "3_3\3_3.csproj", "{E7583FA0-AF12-46AC-B82C-FC8841622205}"
EndProject
Global
	GlobalSection(SolutionConfigurationPlatforms) = preSolution
		Debug|Any CPU = Debug|Any CPU
		Debug|x64 = Debug|x64
		Debug|x86 = Debug|x86
		Release|Any CPU = Release|Any CPU
		Release|x64 = Release|x64
		Release|x86 = Release|x86
	EndGlobalSection
	GlobalSection(ProjectConfigurationPlatforms) = postSolution
		{8D2E10F4-22D4-486A-BF20-6CDABE568F31}.Debug|Any CPU.ActiveCfg = Debug|Win32
		{8D2E10F4-22D4-486A-BF20-6CDABE568F31}.Debug|x64.ActiveCfg = Debug|x64
		{8D2E10F4-22D4-486A-BF20-6CDABE568F31}.Debug|x64.Build.0 = Debug|x64
		{8D2E10F4-22D4-486A-BF20-6CDABE568F31}.Debug|x86.ActiveCfg = Debug|Win32
		{8D2E10F4-22D4-486A-BF20-6CDABE568F31}.Debug|x86.Build.0 = Debug|Win32
		{8D2E10F4-22D4-486A-BF20-6CDABE568F31}.Release|Any CPU.ActiveCfg = Release|Win32
		{8D2E10F4-22D4-486A-BF20-6CDABE568F31}.Release|x64.ActiveCfg = Release|x64
		{8D2E10F4-22D4-486A-BF20-6CDABE568F31}.Release|x64.Build.0 = Release|x64
		{8D2E10F4-22D4-486A-BF20-6CDABE568F31}.Release|x86.ActiveCfg = Release|Win32
		{8D2E10F4-22D4-486A-BF20-6CDABE568F31}.Release|x86.Build.0 = Release|Win32
		{E7583FA0-AF12-46AC-B82C-FC8841622205}.Debug|Any CPU.ActiveCfg = Debug|Any CPU
		{E7583FA0-AF12-46AC-B82C-FC8841622205}.Debug|Any CPU.Build.0 = Debug|Any CPU
		{E7583FA0-AF12-46AC-B82C-FC8841622205}.Debug|x64.ActiveCfg = Debug|Any CPU
		{E7583FA0-AF12-46AC-B82C-FC8841622205}.Debug|x64.Build.0 = Debug|Any CPU
		{E7583FA0-AF12-46AC-B82C-FC8841622205}.Debug|x86.ActiveCfg = Debug|Any CPU
		{E7583FA0-AF12-46AC-B82C-FC8841622205}.Debug|x86.Build.0 = Debug|Any CPU
		{E7583FA0-AF12-46AC-B82C-FC8841622205}.Release|Any CPU.ActiveCfg = Release|Any CPU
		{E7583FA0-AF12-46AC-B82C-FC8841622205}.Release|Any CPU.Build.0 = Release|Any CPU
		{E7583FA0-AF12-46AC-B82C-FC8841622205}.Release|x64.ActiveCfg = Release|Any CPU
		{E7583FA0-AF12-46AC-B82C-FC8841622205}.Release|x64.Build.0 = Release|Any CPU
		{E7583FA0-AF12-46AC-B82C-FC8841622205}.Release|x86.ActiveCfg = Release|Any CPU
		{E7583FA0-AF12-46AC-B82C-FC8841622205}.Release|x86.Build.0 = Release|Any CPU
	EndGlobalSection
	GlobalSection(SolutionProperties) = preSolution
		HideSolutionNode = FALSE
	EndGlobalSection
	GlobalSection(ExtensibilityGlobals) = postSolution
		SolutionGuid = {FBE36AAD-EDB3-4B42-889B-92B1D2F70118}
	EndGlobalSection
EndGlobal
