
Microsoft Visual Studio Solution File, Format Version 12.00
# Visual Studio Version 16
VisualStudioVersion = 16.0.29519.181
MinimumVisualStudioVersion = 10.0.40219.1
Project("{FAE04EC0-301F-11D3-BF4B-00C04F79EFBC}") = "startCsharp_Chapter1", "startCsharp_Chapter1\startCsharp_Chapter1.csproj", "{B52B9356-939F-4A99-99B5-C5BA8FB1D1B8}"
EndProject
Project("{FAE04EC0-301F-11D3-BF4B-00C04F79EFBC}") = "4_2", "4_2\4_2.csproj", "{B61B87BD-AC94-4472-B6F8-7B1D55F865D5}"
EndProject
Project("{FAE04EC0-301F-11D3-BF4B-00C04F79EFBC}") = "Book", "Book\Book.csproj", "{C7AB095F-BF58-4A88-AA70-C9333109D15F}"
EndProject
Global
	GlobalSection(SolutionConfigurationPlatforms) = preSolution
		Debug|Any CPU = Debug|Any CPU
		Release|Any CPU = Release|Any CPU
	EndGlobalSection
	GlobalSection(ProjectConfigurationPlatforms) = postSolution
		{B52B9356-939F-4A99-99B5-C5BA8FB1D1B8}.Debug|Any CPU.ActiveCfg = Debug|Any CPU
		{B52B9356-939F-4A99-99B5-C5BA8FB1D1B8}.Debug|Any CPU.Build.0 = Debug|Any CPU
		{B52B9356-939F-4A99-99B5-C5BA8FB1D1B8}.Release|Any CPU.ActiveCfg = Release|Any CPU
		{B52B9356-939F-4A99-99B5-C5BA8FB1D1B8}.Release|Any CPU.Build.0 = Release|Any CPU
		{B61B87BD-AC94-4472-B6F8-7B1D55F865D5}.Debug|Any CPU.ActiveCfg = Debug|Any CPU
		{B61B87BD-AC94-4472-B6F8-7B1D55F865D5}.Debug|Any CPU.Build.0 = Debug|Any CPU
		{B61B87BD-AC94-4472-B6F8-7B1D55F865D5}.Release|Any CPU.ActiveCfg = Release|Any CPU
		{B61B87BD-AC94-4472-B6F8-7B1D55F865D5}.Release|Any CPU.Build.0 = Release|Any CPU
		{C7AB095F-BF58-4A88-AA70-C9333109D15F}.Debug|Any CPU.ActiveCfg = Debug|Any CPU
		{C7AB095F-BF58-4A88-AA70-C9333109D15F}.Debug|Any CPU.Build.0 = Debug|Any CPU
		{C7AB095F-BF58-4A88-AA70-C9333109D15F}.Release|Any CPU.ActiveCfg = Release|Any CPU
		{C7AB095F-BF58-4A88-AA70-C9333109D15F}.Release|Any CPU.Build.0 = Release|Any CPU
	EndGlobalSection
	GlobalSection(SolutionProperties) = preSolution
		HideSolutionNode = FALSE
	EndGlobalSection
	GlobalSection(ExtensibilityGlobals) = postSolution
		SolutionGuid = {D725A6AD-186B-43C2-A5EB-27A6DCFBBB48}
	EndGlobalSection
EndGlobal
