
Microsoft Visual Studio Solution File, Format Version 12.00
# Visual Studio Version 16
VisualStudioVersion = 16.0.29519.181
MinimumVisualStudioVersion = 10.0.40219.1
Project("{FAE04EC0-301F-11D3-BF4B-00C04F79EFBC}") = "Chapter4", "Chapter4\Chapter4.csproj", "{A711D0A5-96B4-4EB0-A732-946A3F94FEDD}"
EndProject
Project("{FAE04EC0-301F-11D3-BF4B-00C04F79EFBC}") = "4_9", "4_9\4_9.csproj", "{6950A78D-0980-4F91-82D2-C857D470ED51}"
EndProject
Project("{FAE04EC0-301F-11D3-BF4B-00C04F79EFBC}") = "4_13", "4_13\4_13.csproj", "{32EB3567-9951-413D-B7B0-D4FB2DFDFE48}"
EndProject
Project("{FAE04EC0-301F-11D3-BF4B-00C04F79EFBC}") = "4_14", "4_14\4_14.csproj", "{652BB31B-8981-4BE3-8737-DEA93F1456DA}"
EndProject
Project("{FAE04EC0-301F-11D3-BF4B-00C04F79EFBC}") = "4_15", "4_15\4_15.csproj", "{09EFE562-9B68-4691-A7BE-359658D38887}"
EndProject
Project("{FAE04EC0-301F-11D3-BF4B-00C04F79EFBC}") = "4_17", "4_17\4_17.csproj", "{4012F667-C73D-4466-A6D0-B57737BE6B58}"
EndProject
Project("{FAE04EC0-301F-11D3-BF4B-00C04F79EFBC}") = "4_18", "4_18\4_18.csproj", "{986EC45E-7B6E-4322-BB46-549FA3A8439A}"
EndProject
Project("{FAE04EC0-301F-11D3-BF4B-00C04F79EFBC}") = "4_19", "4_19\4_19.csproj", "{43276230-9FC5-4634-A117-0031F3281E22}"
EndProject
Project("{FAE04EC0-301F-11D3-BF4B-00C04F79EFBC}") = "4_4_2_2", "4_4_2_2\4_4_2_2.csproj", "{423DFFDC-E381-43D4-9687-F7457AE56296}"
EndProject
Project("{FAE04EC0-301F-11D3-BF4B-00C04F79EFBC}") = "4_4_2_3", "4_4_2_3\4_4_2_3.csproj", "{E4F8F713-10B7-4D24-8EB9-3EEF9FFE8F61}"
EndProject
Project("{FAE04EC0-301F-11D3-BF4B-00C04F79EFBC}") = "4_20", "4_20\4_20.csproj", "{E37359BB-98E0-410D-9120-2EA4855B2194}"
EndProject
Global
	GlobalSection(SolutionConfigurationPlatforms) = preSolution
		Debug|Any CPU = Debug|Any CPU
		Release|Any CPU = Release|Any CPU
	EndGlobalSection
	GlobalSection(ProjectConfigurationPlatforms) = postSolution
		{A711D0A5-96B4-4EB0-A732-946A3F94FEDD}.Debug|Any CPU.ActiveCfg = Debug|Any CPU
		{A711D0A5-96B4-4EB0-A732-946A3F94FEDD}.Debug|Any CPU.Build.0 = Debug|Any CPU
		{A711D0A5-96B4-4EB0-A732-946A3F94FEDD}.Release|Any CPU.ActiveCfg = Release|Any CPU
		{A711D0A5-96B4-4EB0-A732-946A3F94FEDD}.Release|Any CPU.Build.0 = Release|Any CPU
		{6950A78D-0980-4F91-82D2-C857D470ED51}.Debug|Any CPU.ActiveCfg = Debug|Any CPU
		{6950A78D-0980-4F91-82D2-C857D470ED51}.Debug|Any CPU.Build.0 = Debug|Any CPU
		{6950A78D-0980-4F91-82D2-C857D470ED51}.Release|Any CPU.ActiveCfg = Release|Any CPU
		{6950A78D-0980-4F91-82D2-C857D470ED51}.Release|Any CPU.Build.0 = Release|Any CPU
		{32EB3567-9951-413D-B7B0-D4FB2DFDFE48}.Debug|Any CPU.ActiveCfg = Debug|Any CPU
		{32EB3567-9951-413D-B7B0-D4FB2DFDFE48}.Debug|Any CPU.Build.0 = Debug|Any CPU
		{32EB3567-9951-413D-B7B0-D4FB2DFDFE48}.Release|Any CPU.ActiveCfg = Release|Any CPU
		{32EB3567-9951-413D-B7B0-D4FB2DFDFE48}.Release|Any CPU.Build.0 = Release|Any CPU
		{652BB31B-8981-4BE3-8737-DEA93F1456DA}.Debug|Any CPU.ActiveCfg = Debug|Any CPU
		{652BB31B-8981-4BE3-8737-DEA93F1456DA}.Debug|Any CPU.Build.0 = Debug|Any CPU
		{652BB31B-8981-4BE3-8737-DEA93F1456DA}.Release|Any CPU.ActiveCfg = Release|Any CPU
		{652BB31B-8981-4BE3-8737-DEA93F1456DA}.Release|Any CPU.Build.0 = Release|Any CPU
		{09EFE562-9B68-4691-A7BE-359658D38887}.Debug|Any CPU.ActiveCfg = Debug|Any CPU
		{09EFE562-9B68-4691-A7BE-359658D38887}.Debug|Any CPU.Build.0 = Debug|Any CPU
		{09EFE562-9B68-4691-A7BE-359658D38887}.Release|Any CPU.ActiveCfg = Release|Any CPU
		{09EFE562-9B68-4691-A7BE-359658D38887}.Release|Any CPU.Build.0 = Release|Any CPU
		{4012F667-C73D-4466-A6D0-B57737BE6B58}.Debug|Any CPU.ActiveCfg = Debug|Any CPU
		{4012F667-C73D-4466-A6D0-B57737BE6B58}.Debug|Any CPU.Build.0 = Debug|Any CPU
		{4012F667-C73D-4466-A6D0-B57737BE6B58}.Release|Any CPU.ActiveCfg = Release|Any CPU
		{4012F667-C73D-4466-A6D0-B57737BE6B58}.Release|Any CPU.Build.0 = Release|Any CPU
		{986EC45E-7B6E-4322-BB46-549FA3A8439A}.Debug|Any CPU.ActiveCfg = Debug|Any CPU
		{986EC45E-7B6E-4322-BB46-549FA3A8439A}.Debug|Any CPU.Build.0 = Debug|Any CPU
		{986EC45E-7B6E-4322-BB46-549FA3A8439A}.Release|Any CPU.ActiveCfg = Release|Any CPU
		{986EC45E-7B6E-4322-BB46-549FA3A8439A}.Release|Any CPU.Build.0 = Release|Any CPU
		{43276230-9FC5-4634-A117-0031F3281E22}.Debug|Any CPU.ActiveCfg = Debug|Any CPU
		{43276230-9FC5-4634-A117-0031F3281E22}.Debug|Any CPU.Build.0 = Debug|Any CPU
		{43276230-9FC5-4634-A117-0031F3281E22}.Release|Any CPU.ActiveCfg = Release|Any CPU
		{43276230-9FC5-4634-A117-0031F3281E22}.Release|Any CPU.Build.0 = Release|Any CPU
		{423DFFDC-E381-43D4-9687-F7457AE56296}.Debug|Any CPU.ActiveCfg = Debug|Any CPU
		{423DFFDC-E381-43D4-9687-F7457AE56296}.Debug|Any CPU.Build.0 = Debug|Any CPU
		{423DFFDC-E381-43D4-9687-F7457AE56296}.Release|Any CPU.ActiveCfg = Release|Any CPU
		{423DFFDC-E381-43D4-9687-F7457AE56296}.Release|Any CPU.Build.0 = Release|Any CPU
		{E4F8F713-10B7-4D24-8EB9-3EEF9FFE8F61}.Debug|Any CPU.ActiveCfg = Debug|Any CPU
		{E4F8F713-10B7-4D24-8EB9-3EEF9FFE8F61}.Debug|Any CPU.Build.0 = Debug|Any CPU
		{E4F8F713-10B7-4D24-8EB9-3EEF9FFE8F61}.Release|Any CPU.ActiveCfg = Release|Any CPU
		{E4F8F713-10B7-4D24-8EB9-3EEF9FFE8F61}.Release|Any CPU.Build.0 = Release|Any CPU
		{E37359BB-98E0-410D-9120-2EA4855B2194}.Debug|Any CPU.ActiveCfg = Debug|Any CPU
		{E37359BB-98E0-410D-9120-2EA4855B2194}.Debug|Any CPU.Build.0 = Debug|Any CPU
		{E37359BB-98E0-410D-9120-2EA4855B2194}.Release|Any CPU.ActiveCfg = Release|Any CPU
		{E37359BB-98E0-410D-9120-2EA4855B2194}.Release|Any CPU.Build.0 = Release|Any CPU
	EndGlobalSection
	GlobalSection(SolutionProperties) = preSolution
		HideSolutionNode = FALSE
	EndGlobalSection
	GlobalSection(ExtensibilityGlobals) = postSolution
		SolutionGuid = {A40AF976-C7CE-4BED-92AC-7E0EADAC22C4}
	EndGlobalSection
EndGlobal
