
Microsoft Visual Studio Solution File, Format Version 12.00
# Visual Studio Version 16
VisualStudioVersion = 16.0.29519.181
MinimumVisualStudioVersion = 10.0.40219.1
Project("{FAE04EC0-301F-11D3-BF4B-00C04F79EFBC}") = "Chapter4a", "Chapter4a\Chapter4a.csproj", "{648F1374-D4D3-4B0F-BF71-89D32A19AB05}"
EndProject
Global
	GlobalSection(SolutionConfigurationPlatforms) = preSolution
		Debug|Any CPU = Debug|Any CPU
		Release|Any CPU = Release|Any CPU
	EndGlobalSection
	GlobalSection(ProjectConfigurationPlatforms) = postSolution
		{648F1374-D4D3-4B0F-BF71-89D32A19AB05}.Debug|Any CPU.ActiveCfg = Debug|Any CPU
		{648F1374-D4D3-4B0F-BF71-89D32A19AB05}.Debug|Any CPU.Build.0 = Debug|Any CPU
		{648F1374-D4D3-4B0F-BF71-89D32A19AB05}.Release|Any CPU.ActiveCfg = Release|Any CPU
		{648F1374-D4D3-4B0F-BF71-89D32A19AB05}.Release|Any CPU.Build.0 = Release|Any CPU
	EndGlobalSection
	GlobalSection(SolutionProperties) = preSolution
		HideSolutionNode = FALSE
	EndGlobalSection
	GlobalSection(ExtensibilityGlobals) = postSolution
		SolutionGuid = {7F3D3942-9CC9-4E7E-976B-1E41817997CD}
	EndGlobalSection
EndGlobal
